
Microsoft Visual Studio Solution File, Format Version 12.00
# Visual Studio Version 17
VisualStudioVersion = 17.0.31919.166
MinimumVisualStudioVersion = 10.0.40219.1
Project("{9A19103F-16F7-4668-BE54-9A1E7A4F7556}") = "HorrorTacticsApi2", "HorrorTacticsApi2\HorrorTacticsApi2.csproj", "{A06F8ED2-FEAE-4ADF-9623-F58EA0309699}"
EndProject
Project("{9A19103F-16F7-4668-BE54-9A1E7A4F7556}") = "HorrorTacticsApi2.Tests3", "HorrorTacticsApi2.Tests3\HorrorTacticsApi2.Tests3.csproj", "{A9EF94E6-209E-4953-B587-A2C29874EEAF}"
EndProject
Project("{FAE04EC0-301F-11D3-BF4B-00C04F79EFBC}") = "HorrorTacticsApi2.UnitTests", "HorrorTacticsApi2.UnitTests\HorrorTacticsApi2.UnitTests.csproj", "{B15B3966-3576-4E28-9AA6-56153EBAA9DE}"
EndProject
Global
	GlobalSection(SolutionConfigurationPlatforms) = preSolution
		Debug|Any CPU = Debug|Any CPU
		Release|Any CPU = Release|Any CPU
	EndGlobalSection
	GlobalSection(ProjectConfigurationPlatforms) = postSolution
		{A06F8ED2-FEAE-4ADF-9623-F58EA0309699}.Debug|Any CPU.ActiveCfg = Debug|Any CPU
		{A06F8ED2-FEAE-4ADF-9623-F58EA0309699}.Debug|Any CPU.Build.0 = Debug|Any CPU
		{A06F8ED2-FEAE-4ADF-9623-F58EA0309699}.Release|Any CPU.ActiveCfg = Release|Any CPU
		{A06F8ED2-FEAE-4ADF-9623-F58EA0309699}.Release|Any CPU.Build.0 = Release|Any CPU
		{A9EF94E6-209E-4953-B587-A2C29874EEAF}.Debug|Any CPU.ActiveCfg = Debug|Any CPU
		{A9EF94E6-209E-4953-B587-A2C29874EEAF}.Debug|Any CPU.Build.0 = Debug|Any CPU
		{A9EF94E6-209E-4953-B587-A2C29874EEAF}.Release|Any CPU.ActiveCfg = Release|Any CPU
		{A9EF94E6-209E-4953-B587-A2C29874EEAF}.Release|Any CPU.Build.0 = Release|Any CPU
		{B15B3966-3576-4E28-9AA6-56153EBAA9DE}.Debug|Any CPU.ActiveCfg = Debug|Any CPU
		{B15B3966-3576-4E28-9AA6-56153EBAA9DE}.Debug|Any CPU.Build.0 = Debug|Any CPU
		{B15B3966-3576-4E28-9AA6-56153EBAA9DE}.Release|Any CPU.ActiveCfg = Release|Any CPU
		{B15B3966-3576-4E28-9AA6-56153EBAA9DE}.Release|Any CPU.Build.0 = Release|Any CPU
	EndGlobalSection
	GlobalSection(SolutionProperties) = preSolution
		HideSolutionNode = FALSE
	EndGlobalSection
	GlobalSection(ExtensibilityGlobals) = postSolution
		SolutionGuid = {2212EF3F-0B4F-4D3C-A41F-8E2C1C4733E8}
	EndGlobalSection
EndGlobal
